
Microsoft Visual Studio Solution File, Format Version 12.00
# Visual Studio Version 16
VisualStudioVersion = 16.0.29009.5
MinimumVisualStudioVersion = 10.0.40219.1
Project("{FAE04EC0-301F-11D3-BF4B-00C04F79EFBC}") = "prac_encryption", "prac_encryption\prac_encryption.csproj", "{B81CBB93-0018-493F-9A75-E415847AE0E2}"
EndProject
Global
	GlobalSection(SolutionConfigurationPlatforms) = preSolution
		Debug|Any CPU = Debug|Any CPU
		Release|Any CPU = Release|Any CPU
	EndGlobalSection
	GlobalSection(ProjectConfigurationPlatforms) = postSolution
		{B81CBB93-0018-493F-9A75-E415847AE0E2}.Debug|Any CPU.ActiveCfg = Debug|Any CPU
		{B81CBB93-0018-493F-9A75-E415847AE0E2}.Debug|Any CPU.Build.0 = Debug|Any CPU
		{B81CBB93-0018-493F-9A75-E415847AE0E2}.Release|Any CPU.ActiveCfg = Release|Any CPU
		{B81CBB93-0018-493F-9A75-E415847AE0E2}.Release|Any CPU.Build.0 = Release|Any CPU
	EndGlobalSection
	GlobalSection(SolutionProperties) = preSolution
		HideSolutionNode = FALSE
	EndGlobalSection
	GlobalSection(ExtensibilityGlobals) = postSolution
		SolutionGuid = {2DDB7093-6A6C-46F4-A7B3-6D00B88D87F6}
	EndGlobalSection
EndGlobal
